
Microsoft Visual Studio Solution File, Format Version 12.00
# Visual Studio Version 16
VisualStudioVersion = 25.0.1706.1
MinimumVisualStudioVersion = 10.0.40219.1
Project("{FAE04EC0-301F-11D3-BF4B-00C04F79EFBC}") = "SIMS_Demo", "SIMS_Demo\SIMS_Demo.csproj", "{3AFB7813-4B94-4BF7-AC8F-5D814FE5D36F}"
EndProject
Project("{FAE04EC0-301F-11D3-BF4B-00C04F79EFBC}") = "SIMS_TEST", "SIMS_TEST\SIMS_TEST.csproj", "{3A15C2CE-E9CB-4E74-8034-89F34FEE7B98}"
EndProject
Global
	GlobalSection(SolutionConfigurationPlatforms) = preSolution
		Debug|Any CPU = Debug|Any CPU
		Release|Any CPU = Release|Any CPU
	EndGlobalSection
	GlobalSection(ProjectConfigurationPlatforms) = postSolution
		{3AFB7813-4B94-4BF7-AC8F-5D814FE5D36F}.Debug|Any CPU.ActiveCfg = Debug|Any CPU
		{3AFB7813-4B94-4BF7-AC8F-5D814FE5D36F}.Debug|Any CPU.Build.0 = Debug|Any CPU
		{3AFB7813-4B94-4BF7-AC8F-5D814FE5D36F}.Release|Any CPU.ActiveCfg = Release|Any CPU
		{3AFB7813-4B94-4BF7-AC8F-5D814FE5D36F}.Release|Any CPU.Build.0 = Release|Any CPU
		{3A15C2CE-E9CB-4E74-8034-89F34FEE7B98}.Debug|Any CPU.ActiveCfg = Debug|Any CPU
		{3A15C2CE-E9CB-4E74-8034-89F34FEE7B98}.Debug|Any CPU.Build.0 = Debug|Any CPU
		{3A15C2CE-E9CB-4E74-8034-89F34FEE7B98}.Release|Any CPU.ActiveCfg = Release|Any CPU
		{3A15C2CE-E9CB-4E74-8034-89F34FEE7B98}.Release|Any CPU.Build.0 = Release|Any CPU
	EndGlobalSection
	GlobalSection(SolutionProperties) = preSolution
		HideSolutionNode = FALSE
	EndGlobalSection
	GlobalSection(ExtensibilityGlobals) = postSolution
		SolutionGuid = {A127FF0F-0E31-44AE-96C8-5F02374A8F84}
	EndGlobalSection
EndGlobal
